
Microsoft Visual Studio Solution File, Format Version 12.00
# Visual Studio Version 17
VisualStudioVersion = 17.11.35208.52
MinimumVisualStudioVersion = 10.0.40219.1
Project("{FAE04EC0-301F-11D3-BF4B-00C04F79EFBC}") = "HOEjercicio2", "HOEjercicio2.csproj", "{121294FE-1D8D-44D4-BF3E-E78EEE2CCFD3}"
EndProject
Global
	GlobalSection(SolutionConfigurationPlatforms) = preSolution
		Debug|Any CPU = Debug|Any CPU
		Release|Any CPU = Release|Any CPU
	EndGlobalSection
	GlobalSection(ProjectConfigurationPlatforms) = postSolution
		{121294FE-1D8D-44D4-BF3E-E78EEE2CCFD3}.Debug|Any CPU.ActiveCfg = Debug|Any CPU
		{121294FE-1D8D-44D4-BF3E-E78EEE2CCFD3}.Debug|Any CPU.Build.0 = Debug|Any CPU
		{121294FE-1D8D-44D4-BF3E-E78EEE2CCFD3}.Release|Any CPU.ActiveCfg = Release|Any CPU
		{121294FE-1D8D-44D4-BF3E-E78EEE2CCFD3}.Release|Any CPU.Build.0 = Release|Any CPU
	EndGlobalSection
	GlobalSection(SolutionProperties) = preSolution
		HideSolutionNode = FALSE
	EndGlobalSection
	GlobalSection(ExtensibilityGlobals) = postSolution
		SolutionGuid = {4199A45F-710E-4A5B-91DD-91FBB1E28F2A}
	EndGlobalSection
EndGlobal
